
Microsoft Visual Studio Solution File, Format Version 12.00
# Visual Studio Version 17
VisualStudioVersion = 17.14.36221.1
MinimumVisualStudioVersion = 10.0.40219.1
Project("{FAE04EC0-301F-11D3-BF4B-00C04F79EFBC}") = "WSProveedor1", "WSProveedor1\WSProveedor1.csproj", "{0D277C98-66F0-4C69-B491-415E34A01CD0}"
EndProject
Global
	GlobalSection(SolutionConfigurationPlatforms) = preSolution
		Debug|Any CPU = Debug|Any CPU
		Release|Any CPU = Release|Any CPU
	EndGlobalSection
	GlobalSection(ProjectConfigurationPlatforms) = postSolution
		{0D277C98-66F0-4C69-B491-415E34A01CD0}.Debug|Any CPU.ActiveCfg = Debug|Any CPU
		{0D277C98-66F0-4C69-B491-415E34A01CD0}.Debug|Any CPU.Build.0 = Debug|Any CPU
		{0D277C98-66F0-4C69-B491-415E34A01CD0}.Release|Any CPU.ActiveCfg = Release|Any CPU
		{0D277C98-66F0-4C69-B491-415E34A01CD0}.Release|Any CPU.Build.0 = Release|Any CPU
	EndGlobalSection
	GlobalSection(SolutionProperties) = preSolution
		HideSolutionNode = FALSE
	EndGlobalSection
	GlobalSection(ExtensibilityGlobals) = postSolution
		SolutionGuid = {724252CB-463D-4C3D-B8DD-B539E68464CF}
	EndGlobalSection
EndGlobal
